
Microsoft Visual Studio Solution File, Format Version 12.00
# Visual Studio 15
VisualStudioVersion = 15.0.28010.2019
MinimumVisualStudioVersion = 10.0.40219.1
Project("{FAE04EC0-301F-11D3-BF4B-00C04F79EFBC}") = "understandingArrays", "understandingArrays\understandingArrays.csproj", "{2B20A325-3314-4F51-A777-62F14F99330E}"
EndProject
Global
	GlobalSection(SolutionConfigurationPlatforms) = preSolution
		Debug|Any CPU = Debug|Any CPU
		Release|Any CPU = Release|Any CPU
	EndGlobalSection
	GlobalSection(ProjectConfigurationPlatforms) = postSolution
		{2B20A325-3314-4F51-A777-62F14F99330E}.Debug|Any CPU.ActiveCfg = Debug|Any CPU
		{2B20A325-3314-4F51-A777-62F14F99330E}.Debug|Any CPU.Build.0 = Debug|Any CPU
		{2B20A325-3314-4F51-A777-62F14F99330E}.Release|Any CPU.ActiveCfg = Release|Any CPU
		{2B20A325-3314-4F51-A777-62F14F99330E}.Release|Any CPU.Build.0 = Release|Any CPU
	EndGlobalSection
	GlobalSection(SolutionProperties) = preSolution
		HideSolutionNode = FALSE
	EndGlobalSection
	GlobalSection(ExtensibilityGlobals) = postSolution
		SolutionGuid = {F20228F4-BB08-4DD6-82A0-420C3610CE8B}
	EndGlobalSection
EndGlobal
