
Microsoft Visual Studio Solution File, Format Version 12.00
# Visual Studio 15
VisualStudioVersion = 15.0.28010.2019
MinimumVisualStudioVersion = 10.0.40219.1
Project("{FAE04EC0-301F-11D3-BF4B-00C04F79EFBC}") = "Variables", "Variables\Variables.csproj", "{D400ADD8-69E2-48F9-B378-A99F559CD5A7}"
EndProject
Global
	GlobalSection(SolutionConfigurationPlatforms) = preSolution
		Debug|Any CPU = Debug|Any CPU
		Release|Any CPU = Release|Any CPU
	EndGlobalSection
	GlobalSection(ProjectConfigurationPlatforms) = postSolution
		{D400ADD8-69E2-48F9-B378-A99F559CD5A7}.Debug|Any CPU.ActiveCfg = Debug|Any CPU
		{D400ADD8-69E2-48F9-B378-A99F559CD5A7}.Debug|Any CPU.Build.0 = Debug|Any CPU
		{D400ADD8-69E2-48F9-B378-A99F559CD5A7}.Release|Any CPU.ActiveCfg = Release|Any CPU
		{D400ADD8-69E2-48F9-B378-A99F559CD5A7}.Release|Any CPU.Build.0 = Release|Any CPU
	EndGlobalSection
	GlobalSection(SolutionProperties) = preSolution
		HideSolutionNode = FALSE
	EndGlobalSection
	GlobalSection(ExtensibilityGlobals) = postSolution
		SolutionGuid = {FAA61E05-3676-4F7B-8ABF-3FB6852476A2}
	EndGlobalSection
EndGlobal
