
Microsoft Visual Studio Solution File, Format Version 12.00
# Visual Studio 15
VisualStudioVersion = 15.0.28010.2019
MinimumVisualStudioVersion = 10.0.40219.1
Project("{FAE04EC0-301F-11D3-BF4B-00C04F79EFBC}") = "DateandTime", "DateandTime\DateandTime.csproj", "{6E2C4E64-0CB0-4BDE-93D2-836745ED4F92}"
EndProject
Global
	GlobalSection(SolutionConfigurationPlatforms) = preSolution
		Debug|Any CPU = Debug|Any CPU
		Release|Any CPU = Release|Any CPU
	EndGlobalSection
	GlobalSection(ProjectConfigurationPlatforms) = postSolution
		{6E2C4E64-0CB0-4BDE-93D2-836745ED4F92}.Debug|Any CPU.ActiveCfg = Debug|Any CPU
		{6E2C4E64-0CB0-4BDE-93D2-836745ED4F92}.Debug|Any CPU.Build.0 = Debug|Any CPU
		{6E2C4E64-0CB0-4BDE-93D2-836745ED4F92}.Release|Any CPU.ActiveCfg = Release|Any CPU
		{6E2C4E64-0CB0-4BDE-93D2-836745ED4F92}.Release|Any CPU.Build.0 = Release|Any CPU
	EndGlobalSection
	GlobalSection(SolutionProperties) = preSolution
		HideSolutionNode = FALSE
	EndGlobalSection
	GlobalSection(ExtensibilityGlobals) = postSolution
		SolutionGuid = {132AC8F9-65A1-415F-8983-0E43C879CC37}
	EndGlobalSection
EndGlobal
